
Microsoft Visual Studio Solution File, Format Version 12.00
# Visual Studio 14
VisualStudioVersion = 14.0.25123.0
MinimumVisualStudioVersion = 10.0.40219.1
Project("{FAE04EC0-301F-11D3-BF4B-00C04F79EFBC}") = "Client", "Client\Client.csproj", "{B85A68CE-0E79-4AAB-B993-8D3E43388586}"
EndProject
Project("{FAE04EC0-301F-11D3-BF4B-00C04F79EFBC}") = "Tools", "Tools\Tools.csproj", "{1C6F89D2-3218-46E4-A553-53E039958DDE}"
EndProject
Global
	GlobalSection(SolutionConfigurationPlatforms) = preSolution
		Debug|Any CPU = Debug|Any CPU
		Debug|ARM = Debug|ARM
		Debug|x64 = Debug|x64
		Debug|x86 = Debug|x86
		Release|Any CPU = Release|Any CPU
		Release|ARM = Release|ARM
		Release|x64 = Release|x64
		Release|x86 = Release|x86
	EndGlobalSection
	GlobalSection(ProjectConfigurationPlatforms) = postSolution
		{B85A68CE-0E79-4AAB-B993-8D3E43388586}.Debug|Any CPU.ActiveCfg = Debug|x86
		{B85A68CE-0E79-4AAB-B993-8D3E43388586}.Debug|ARM.ActiveCfg = Debug|ARM
		{B85A68CE-0E79-4AAB-B993-8D3E43388586}.Debug|ARM.Build.0 = Debug|ARM
		{B85A68CE-0E79-4AAB-B993-8D3E43388586}.Debug|ARM.Deploy.0 = Debug|ARM
		{B85A68CE-0E79-4AAB-B993-8D3E43388586}.Debug|x64.ActiveCfg = Debug|x64
		{B85A68CE-0E79-4AAB-B993-8D3E43388586}.Debug|x64.Build.0 = Debug|x64
		{B85A68CE-0E79-4AAB-B993-8D3E43388586}.Debug|x64.Deploy.0 = Debug|x64
		{B85A68CE-0E79-4AAB-B993-8D3E43388586}.Debug|x86.ActiveCfg = Debug|x86
		{B85A68CE-0E79-4AAB-B993-8D3E43388586}.Debug|x86.Build.0 = Debug|x86
		{B85A68CE-0E79-4AAB-B993-8D3E43388586}.Debug|x86.Deploy.0 = Debug|x86
		{B85A68CE-0E79-4AAB-B993-8D3E43388586}.Release|Any CPU.ActiveCfg = Release|x86
		{B85A68CE-0E79-4AAB-B993-8D3E43388586}.Release|ARM.ActiveCfg = Release|ARM
		{B85A68CE-0E79-4AAB-B993-8D3E43388586}.Release|ARM.Build.0 = Release|ARM
		{B85A68CE-0E79-4AAB-B993-8D3E43388586}.Release|ARM.Deploy.0 = Release|ARM
		{B85A68CE-0E79-4AAB-B993-8D3E43388586}.Release|x64.ActiveCfg = Release|x64
		{B85A68CE-0E79-4AAB-B993-8D3E43388586}.Release|x64.Build.0 = Release|x64
		{B85A68CE-0E79-4AAB-B993-8D3E43388586}.Release|x64.Deploy.0 = Release|x64
		{B85A68CE-0E79-4AAB-B993-8D3E43388586}.Release|x86.ActiveCfg = Release|x86
		{B85A68CE-0E79-4AAB-B993-8D3E43388586}.Release|x86.Build.0 = Release|x86
		{B85A68CE-0E79-4AAB-B993-8D3E43388586}.Release|x86.Deploy.0 = Release|x86
		{1C6F89D2-3218-46E4-A553-53E039958DDE}.Debug|Any CPU.ActiveCfg = Debug|Any CPU
		{1C6F89D2-3218-46E4-A553-53E039958DDE}.Debug|Any CPU.Build.0 = Debug|Any CPU
		{1C6F89D2-3218-46E4-A553-53E039958DDE}.Debug|ARM.ActiveCfg = Debug|Any CPU
		{1C6F89D2-3218-46E4-A553-53E039958DDE}.Debug|ARM.Build.0 = Debug|Any CPU
		{1C6F89D2-3218-46E4-A553-53E039958DDE}.Debug|x64.ActiveCfg = Debug|Any CPU
		{1C6F89D2-3218-46E4-A553-53E039958DDE}.Debug|x64.Build.0 = Debug|Any CPU
		{1C6F89D2-3218-46E4-A553-53E039958DDE}.Debug|x86.ActiveCfg = Debug|Any CPU
		{1C6F89D2-3218-46E4-A553-53E039958DDE}.Debug|x86.Build.0 = Debug|Any CPU
		{1C6F89D2-3218-46E4-A553-53E039958DDE}.Release|Any CPU.ActiveCfg = Release|Any CPU
		{1C6F89D2-3218-46E4-A553-53E039958DDE}.Release|Any CPU.Build.0 = Release|Any CPU
		{1C6F89D2-3218-46E4-A553-53E039958DDE}.Release|ARM.ActiveCfg = Release|Any CPU
		{1C6F89D2-3218-46E4-A553-53E039958DDE}.Release|ARM.Build.0 = Release|Any CPU
		{1C6F89D2-3218-46E4-A553-53E039958DDE}.Release|x64.ActiveCfg = Release|Any CPU
		{1C6F89D2-3218-46E4-A553-53E039958DDE}.Release|x64.Build.0 = Release|Any CPU
		{1C6F89D2-3218-46E4-A553-53E039958DDE}.Release|x86.ActiveCfg = Release|Any CPU
		{1C6F89D2-3218-46E4-A553-53E039958DDE}.Release|x86.Build.0 = Release|Any CPU
	EndGlobalSection
	GlobalSection(SolutionProperties) = preSolution
		HideSolutionNode = FALSE
	EndGlobalSection
EndGlobal
